// !$*UTF8*$!
{
	archiveVersion = 1;
	classes = {
	};
	objectVersion = 50;
	objects = {

/* Begin PBXBuildFile section */
		32EB2C6AD7C2C047B4B2FEA3 /* Pods_FinalProject.framework in Frameworks */ = {isa = PBXBuildFile; fileRef = 489232BC99A2787339EF8268 /* Pods_FinalProject.framework */; };
		6529357120DB38D9001FBA35 /* Banana.dae in Resources */ = {isa = PBXBuildFile; fileRef = 6529357020DB38D9001FBA35 /* Banana.dae */; };
		6529357320DB38E6001FBA35 /* Banana_TEXTURES in Resources */ = {isa = PBXBuildFile; fileRef = 6529357220DB38E6001FBA35 /* Banana_TEXTURES */; };
		654E87FC20E31D4800E20E11 /* dishDetailViewController.swift in Sources */ = {isa = PBXBuildFile; fileRef = 654E87FB20E31D4800E20E11 /* dishDetailViewController.swift */; };
		659E3DFD20DB3765006DF107 /* Mug.dae in Resources */ = {isa = PBXBuildFile; fileRef = 659E3DFC20DB3765006DF107 /* Mug.dae */; };
		659F92B520D3429B00D248A0 /* AppDelegate.swift in Sources */ = {isa = PBXBuildFile; fileRef = 659F92B420D3429B00D248A0 /* AppDelegate.swift */; };
		659F92BA20D3429B00D248A0 /* Main.storyboard in Resources */ = {isa = PBXBuildFile; fileRef = 659F92B820D3429B00D248A0 /* Main.storyboard */; };
		659F92BC20D3429B00D248A0 /* Assets.xcassets in Resources */ = {isa = PBXBuildFile; fileRef = 659F92BB20D3429B00D248A0 /* Assets.xcassets */; };
		659F92BF20D3429B00D248A0 /* LaunchScreen.storyboard in Resources */ = {isa = PBXBuildFile; fileRef = 659F92BD20D3429B00D248A0 /* LaunchScreen.storyboard */; };
		659F92C720D3449800D248A0 /* MainViewController.swift in Sources */ = {isa = PBXBuildFile; fileRef = 659F92C620D3449800D248A0 /* MainViewController.swift */; };
		659F92CA20D3468700D248A0 /* DishViewController.swift in Sources */ = {isa = PBXBuildFile; fileRef = 659F92C920D3468700D248A0 /* DishViewController.swift */; };
		65EB995F20DB3789006BB720 /* Mug_TEXTURES in Resources */ = {isa = PBXBuildFile; fileRef = 65EB995E20DB3789006BB720 /* Mug_TEXTURES */; };
		65F4D94920D9D4BB008F5422 /* Cake.dae in Resources */ = {isa = PBXBuildFile; fileRef = 65F4D94820D9D4BB008F5422 /* Cake.dae */; };
		65F4D94B20D9D4C4008F5422 /* Chocolate_Cake_TEXTURES in Resources */ = {isa = PBXBuildFile; fileRef = 65F4D94A20D9D4C4008F5422 /* Chocolate_Cake_TEXTURES */; };
		65F4D94F20D9E2D0008F5422 /* Restaurant.swift in Sources */ = {isa = PBXBuildFile; fileRef = 65F4D94E20D9E2D0008F5422 /* Restaurant.swift */; };
		65F4D95120D9E358008F5422 /* Dish.swift in Sources */ = {isa = PBXBuildFile; fileRef = 65F4D95020D9E358008F5422 /* Dish.swift */; };
		65F4D95320D9E3E8008F5422 /* ApiSimulator.swift in Sources */ = {isa = PBXBuildFile; fileRef = 65F4D95220D9E3E8008F5422 /* ApiSimulator.swift */; };
/* End PBXBuildFile section */

/* Begin PBXFileReference section */
		489232BC99A2787339EF8268 /* Pods_FinalProject.framework */ = {isa = PBXFileReference; explicitFileType = wrapper.framework; includeInIndex = 0; path = Pods_FinalProject.framework; sourceTree = BUILT_PRODUCTS_DIR; };
		5ACC425DA25E8657F4E6F7C9 /* Pods-FinalProject.release.xcconfig */ = {isa = PBXFileReference; includeInIndex = 1; lastKnownFileType = text.xcconfig; name = "Pods-FinalProject.release.xcconfig"; path = "Pods/Target Support Files/Pods-FinalProject/Pods-FinalProject.release.xcconfig"; sourceTree = "<group>"; };
		6529357020DB38D9001FBA35 /* Banana.dae */ = {isa = PBXFileReference; fileEncoding = 4; lastKnownFileType = text.xml.dae; path = Banana.dae; sourceTree = "<group>"; };
		6529357220DB38E6001FBA35 /* Banana_TEXTURES */ = {isa = PBXFileReference; lastKnownFileType = folder; path = Banana_TEXTURES; sourceTree = "<group>"; };
		654E87FB20E31D4800E20E11 /* dishDetailViewController.swift */ = {isa = PBXFileReference; lastKnownFileType = sourcecode.swift; path = dishDetailViewController.swift; sourceTree = "<group>"; };
		659E3DFC20DB3765006DF107 /* Mug.dae */ = {isa = PBXFileReference; fileEncoding = 4; lastKnownFileType = text.xml.dae; path = Mug.dae; sourceTree = "<group>"; };
		659F92B120D3429B00D248A0 /* FinalProject.app */ = {isa = PBXFileReference; explicitFileType = wrapper.application; includeInIndex = 0; path = FinalProject.app; sourceTree = BUILT_PRODUCTS_DIR; };
		659F92B420D3429B00D248A0 /* AppDelegate.swift */ = {isa = PBXFileReference; lastKnownFileType = sourcecode.swift; path = AppDelegate.swift; sourceTree = "<group>"; };
		659F92B920D3429B00D248A0 /* Base */ = {isa = PBXFileReference; lastKnownFileType = file.storyboard; name = Base; path = Base.lproj/Main.storyboard; sourceTree = "<group>"; };
		659F92BB20D3429B00D248A0 /* Assets.xcassets */ = {isa = PBXFileReference; lastKnownFileType = folder.assetcatalog; path = Assets.xcassets; sourceTree = "<group>"; };
		659F92BE20D3429B00D248A0 /* Base */ = {isa = PBXFileReference; lastKnownFileType = file.storyboard; name = Base; path = Base.lproj/LaunchScreen.storyboard; sourceTree = "<group>"; };
		659F92C020D3429B00D248A0 /* Info.plist */ = {isa = PBXFileReference; lastKnownFileType = text.plist.xml; path = Info.plist; sourceTree = "<group>"; };
		659F92C620D3449800D248A0 /* MainViewController.swift */ = {isa = PBXFileReference; lastKnownFileType = sourcecode.swift; path = MainViewController.swift; sourceTree = "<group>"; };
		659F92C920D3468700D248A0 /* DishViewController.swift */ = {isa = PBXFileReference; lastKnownFileType = sourcecode.swift; path = DishViewController.swift; sourceTree = "<group>"; };
		65EB995E20DB3789006BB720 /* Mug_TEXTURES */ = {isa = PBXFileReference; lastKnownFileType = folder; path = Mug_TEXTURES; sourceTree = "<group>"; };
		65F4D94820D9D4BB008F5422 /* Cake.dae */ = {isa = PBXFileReference; fileEncoding = 4; lastKnownFileType = text.xml.dae; path = Cake.dae; sourceTree = "<group>"; };
		65F4D94A20D9D4C4008F5422 /* Chocolate_Cake_TEXTURES */ = {isa = PBXFileReference; lastKnownFileType = folder; path = Chocolate_Cake_TEXTURES; sourceTree = "<group>"; };
		65F4D94E20D9E2D0008F5422 /* Restaurant.swift */ = {isa = PBXFileReference; lastKnownFileType = sourcecode.swift; path = Restaurant.swift; sourceTree = "<group>"; };
		65F4D95020D9E358008F5422 /* Dish.swift */ = {isa = PBXFileReference; lastKnownFileType = sourcecode.swift; path = Dish.swift; sourceTree = "<group>"; };
		65F4D95220D9E3E8008F5422 /* ApiSimulator.swift */ = {isa = PBXFileReference; lastKnownFileType = sourcecode.swift; path = ApiSimulator.swift; sourceTree = "<group>"; };
		86BC142A377C0425F6180361 /* Pods-FinalProject.debug.xcconfig */ = {isa = PBXFileReference; includeInIndex = 1; lastKnownFileType = text.xcconfig; name = "Pods-FinalProject.debug.xcconfig"; path = "Pods/Target Support Files/Pods-FinalProject/Pods-FinalProject.debug.xcconfig"; sourceTree = "<group>"; };
/* End PBXFileReference section */

/* Begin PBXFrameworksBuildPhase section */
		659F92AE20D3429B00D248A0 /* Frameworks */ = {
			isa = PBXFrameworksBuildPhase;
			buildActionMask = 2147483647;
			files = (
				32EB2C6AD7C2C047B4B2FEA3 /* Pods_FinalProject.framework in Frameworks */,
			);
			runOnlyForDeploymentPostprocessing = 0;
		};
/* End PBXFrameworksBuildPhase section */

/* Begin PBXGroup section */
		138791B97FC8A628BB6BC6FC /* Pods */ = {
			isa = PBXGroup;
			children = (
				86BC142A377C0425F6180361 /* Pods-FinalProject.debug.xcconfig */,
				5ACC425DA25E8657F4E6F7C9 /* Pods-FinalProject.release.xcconfig */,
			);
			name = Pods;
			sourceTree = "<group>";
		};
		60A2BD1A6553A52BC6A9F9E1 /* Frameworks */ = {
			isa = PBXGroup;
			children = (
				489232BC99A2787339EF8268 /* Pods_FinalProject.framework */,
			);
			name = Frameworks;
			sourceTree = "<group>";
		};
		659F92A820D3429A00D248A0 = {
			isa = PBXGroup;
			children = (
				659F92B320D3429B00D248A0 /* FinalProject */,
				659F92B220D3429B00D248A0 /* Products */,
				138791B97FC8A628BB6BC6FC /* Pods */,
				60A2BD1A6553A52BC6A9F9E1 /* Frameworks */,
			);
			sourceTree = "<group>";
		};
		659F92B220D3429B00D248A0 /* Products */ = {
			isa = PBXGroup;
			children = (
				659F92B120D3429B00D248A0 /* FinalProject.app */,
			);
			name = Products;
			sourceTree = "<group>";
		};
		659F92B320D3429B00D248A0 /* FinalProject */ = {
			isa = PBXGroup;
			children = (
				65F4D94D20D9E1B4008F5422 /* API */,
				65F4D94C20D9E129008F5422 /* Model */,
				65F4D94720D9D499008F5422 /* 3dModels */,
				659F92C820D3449F00D248A0 /* ViewControllers */,
				659F92B420D3429B00D248A0 /* AppDelegate.swift */,
				659F92B820D3429B00D248A0 /* Main.storyboard */,
				659F92BB20D3429B00D248A0 /* Assets.xcassets */,
				659F92BD20D3429B00D248A0 /* LaunchScreen.storyboard */,
				659F92C020D3429B00D248A0 /* Info.plist */,
			);
			path = FinalProject;
			sourceTree = "<group>";
		};
		659F92C820D3449F00D248A0 /* ViewControllers */ = {
			isa = PBXGroup;
			children = (
				659F92C620D3449800D248A0 /* MainViewController.swift */,
				659F92C920D3468700D248A0 /* DishViewController.swift */,
				654E87FB20E31D4800E20E11 /* dishDetailViewController.swift */,
			);
			path = ViewControllers;
			sourceTree = "<group>";
		};
		65F4D94720D9D499008F5422 /* 3dModels */ = {
			isa = PBXGroup;
			children = (
				6529357220DB38E6001FBA35 /* Banana_TEXTURES */,
				65EB995E20DB3789006BB720 /* Mug_TEXTURES */,
				65F4D94A20D9D4C4008F5422 /* Chocolate_Cake_TEXTURES */,
				65F4D94820D9D4BB008F5422 /* Cake.dae */,
				659E3DFC20DB3765006DF107 /* Mug.dae */,
				6529357020DB38D9001FBA35 /* Banana.dae */,
			);
			path = 3dModels;
			sourceTree = "<group>";
		};
		65F4D94C20D9E129008F5422 /* Model */ = {
			isa = PBXGroup;
			children = (
				65F4D94E20D9E2D0008F5422 /* Restaurant.swift */,
				65F4D95020D9E358008F5422 /* Dish.swift */,
			);
			path = Model;
			sourceTree = "<group>";
		};
		65F4D94D20D9E1B4008F5422 /* API */ = {
			isa = PBXGroup;
			children = (
				65F4D95220D9E3E8008F5422 /* ApiSimulator.swift */,
			);
			path = API;
			sourceTree = "<group>";
		};
/* End PBXGroup section */

/* Begin PBXNativeTarget section */
		659F92B020D3429B00D248A0 /* FinalProject */ = {
			isa = PBXNativeTarget;
			buildConfigurationList = 659F92C320D3429B00D248A0 /* Build configuration list for PBXNativeTarget "FinalProject" */;
			buildPhases = (
				8D5A6DD2C52E92842598F9DC /* [CP] Check Pods Manifest.lock */,
				659F92AD20D3429B00D248A0 /* Sources */,
				659F92AE20D3429B00D248A0 /* Frameworks */,
				659F92AF20D3429B00D248A0 /* Resources */,
				7CC36CAF69CE0F1CA7C89D20 /* [CP] Embed Pods Frameworks */,
			);
			buildRules = (
			);
			dependencies = (
			);
			name = FinalProject;
			productName = FinalProject;
			productReference = 659F92B120D3429B00D248A0 /* FinalProject.app */;
			productType = "com.apple.product-type.application";
		};
/* End PBXNativeTarget section */

/* Begin PBXProject section */
		659F92A920D3429A00D248A0 /* Project object */ = {
			isa = PBXProject;
			attributes = {
				LastSwiftUpdateCheck = 0940;
				LastUpgradeCheck = 0940;
				ORGANIZATIONNAME = "Daniel Vega";
				TargetAttributes = {
					659F92B020D3429B00D248A0 = {
						CreatedOnToolsVersion = 9.4;
					};
				};
			};
			buildConfigurationList = 659F92AC20D3429A00D248A0 /* Build configuration list for PBXProject "FinalProject" */;
			compatibilityVersion = "Xcode 9.3";
			developmentRegion = en;
			hasScannedForEncodings = 0;
			knownRegions = (
				en,
				Base,
			);
			mainGroup = 659F92A820D3429A00D248A0;
			productRefGroup = 659F92B220D3429B00D248A0 /* Products */;
			projectDirPath = "";
			projectRoot = "";
			targets = (
				659F92B020D3429B00D248A0 /* FinalProject */,
			);
		};
/* End PBXProject section */

/* Begin PBXResourcesBuildPhase section */
		659F92AF20D3429B00D248A0 /* Resources */ = {
			isa = PBXResourcesBuildPhase;
			buildActionMask = 2147483647;
			files = (
				65EB995F20DB3789006BB720 /* Mug_TEXTURES in Resources */,
				659E3DFD20DB3765006DF107 /* Mug.dae in Resources */,
				6529357320DB38E6001FBA35 /* Banana_TEXTURES in Resources */,
				65F4D94920D9D4BB008F5422 /* Cake.dae in Resources */,
				6529357120DB38D9001FBA35 /* Banana.dae in Resources */,
				659F92BF20D3429B00D248A0 /* LaunchScreen.storyboard in Resources */,
				65F4D94B20D9D4C4008F5422 /* Chocolate_Cake_TEXTURES in Resources */,
				659F92BC20D3429B00D248A0 /* Assets.xcassets in Resources */,
				659F92BA20D3429B00D248A0 /* Main.storyboard in Resources */,
			);
			runOnlyForDeploymentPostprocessing = 0;
		};
/* End PBXResourcesBuildPhase section */

/* Begin PBXShellScriptBuildPhase section */
		7CC36CAF69CE0F1CA7C89D20 /* [CP] Embed Pods Frameworks */ = {
			isa = PBXShellScriptBuildPhase;
			buildActionMask = 2147483647;
			files = (
			);
			inputPaths = (
				"${SRCROOT}/Pods/Target Support Files/Pods-FinalProject/Pods-FinalProject-frameworks.sh",
				"${BUILT_PRODUCTS_DIR}/QRCodeReader.swift/QRCodeReader.framework",
			);
			name = "[CP] Embed Pods Frameworks";
			outputPaths = (
				"${TARGET_BUILD_DIR}/${FRAMEWORKS_FOLDER_PATH}/QRCodeReader.framework",
			);
			runOnlyForDeploymentPostprocessing = 0;
			shellPath = /bin/sh;
			shellScript = "\"${SRCROOT}/Pods/Target Support Files/Pods-FinalProject/Pods-FinalProject-frameworks.sh\"\n";
			showEnvVarsInLog = 0;
		};
		8D5A6DD2C52E92842598F9DC /* [CP] Check Pods Manifest.lock */ = {
			isa = PBXShellScriptBuildPhase;
			buildActionMask = 2147483647;
			files = (
			);
			inputPaths = (
				"${PODS_PODFILE_DIR_PATH}/Podfile.lock",
				"${PODS_ROOT}/Manifest.lock",
			);
			name = "[CP] Check Pods Manifest.lock";
			outputPaths = (
				"$(DERIVED_FILE_DIR)/Pods-FinalProject-checkManifestLockResult.txt",
			);
			runOnlyForDeploymentPostprocessing = 0;
			shellPath = /bin/sh;
			shellScript = "diff \"${PODS_PODFILE_DIR_PATH}/Podfile.lock\" \"${PODS_ROOT}/Manifest.lock\" > /dev/null\nif [ $? != 0 ] ; then\n    # print error to STDERR\n    echo \"error: The sandbox is not in sync with the Podfile.lock. Run 'pod install' or update your CocoaPods installation.\" >&2\n    exit 1\nfi\n# This output is used by Xcode 'outputs' to avoid re-running this script phase.\necho \"SUCCESS\" > \"${SCRIPT_OUTPUT_FILE_0}\"\n";
			showEnvVarsInLog = 0;
		};
/* End PBXShellScriptBuildPhase section */

/* Begin PBXSourcesBuildPhase section */
		659F92AD20D3429B00D248A0 /* Sources */ = {
			isa = PBXSourcesBuildPhase;
			buildActionMask = 2147483647;
			files = (
				65F4D94F20D9E2D0008F5422 /* Restaurant.swift in Sources */,
				65F4D95120D9E358008F5422 /* Dish.swift in Sources */,
				659F92B520D3429B00D248A0 /* AppDelegate.swift in Sources */,
				654E87FC20E31D4800E20E11 /* dishDetailViewController.swift in Sources */,
				659F92C720D3449800D248A0 /* MainViewController.swift in Sources */,
				659F92CA20D3468700D248A0 /* DishViewController.swift in Sources */,
				65F4D95320D9E3E8008F5422 /* ApiSimulator.swift in Sources */,
			);
			runOnlyForDeploymentPostprocessing = 0;
		};
/* End PBXSourcesBuildPhase section */

/* Begin PBXVariantGroup section */
		659F92B820D3429B00D248A0 /* Main.storyboard */ = {
			isa = PBXVariantGroup;
			children = (
				659F92B920D3429B00D248A0 /* Base */,
			);
			name = Main.storyboard;
			sourceTree = "<group>";
		};
		659F92BD20D3429B00D248A0 /* LaunchScreen.storyboard */ = {
			isa = PBXVariantGroup;
			children = (
				659F92BE20D3429B00D248A0 /* Base */,
			);
			name = LaunchScreen.storyboard;
			sourceTree = "<group>";
		};
/* End PBXVariantGroup section */

/* Begin XCBuildConfiguration section */
		659F92C120D3429B00D248A0 /* Debug */ = {
			isa = XCBuildConfiguration;
			buildSettings = {
				ALWAYS_SEARCH_USER_PATHS = NO;
				CLANG_ANALYZER_NONNULL = YES;
				CLANG_ANALYZER_NUMBER_OBJECT_CONVERSION = YES_AGGRESSIVE;
				CLANG_CXX_LANGUAGE_STANDARD = "gnu++14";
				CLANG_CXX_LIBRARY = "libc++";
				CLANG_ENABLE_MODULES = YES;
				CLANG_ENABLE_OBJC_ARC = YES;
				CLANG_ENABLE_OBJC_WEAK = YES;
				CLANG_WARN_BLOCK_CAPTURE_AUTORELEASING = YES;
				CLANG_WARN_BOOL_CONVERSION = YES;
				CLANG_WARN_COMMA = YES;
				CLANG_WARN_CONSTANT_CONVERSION = YES;
				CLANG_WARN_DEPRECATED_OBJC_IMPLEMENTATIONS = YES;
				CLANG_WARN_DIRECT_OBJC_ISA_USAGE = YES_ERROR;
				CLANG_WARN_DOCUMENTATION_COMMENTS = YES;
				CLANG_WARN_EMPTY_BODY = YES;
				CLANG_WARN_ENUM_CONVERSION = YES;
				CLANG_WARN_INFINITE_RECURSION = YES;
				CLANG_WARN_INT_CONVERSION = YES;
				CLANG_WARN_NON_LITERAL_NULL_CONVERSION = YES;
				CLANG_WARN_OBJC_IMPLICIT_RETAIN_SELF = YES;
				CLANG_WARN_OBJC_LITERAL_CONVERSION = YES;
				CLANG_WARN_OBJC_ROOT_CLASS = YES_ERROR;
				CLANG_WARN_RANGE_LOOP_ANALYSIS = YES;
				CLANG_WARN_STRICT_PROTOTYPES = YES;
				CLANG_WARN_SUSPICIOUS_MOVE = YES;
				CLANG_WARN_UNGUARDED_AVAILABILITY = YES_AGGRESSIVE;
				CLANG_WARN_UNREACHABLE_CODE = YES;
				CLANG_WARN__DUPLICATE_METHOD_MATCH = YES;
				CODE_SIGN_IDENTITY = "iPhone Developer";
				COPY_PHASE_STRIP = NO;
				DEBUG_INFORMATION_FORMAT = dwarf;
				ENABLE_STRICT_OBJC_MSGSEND = YES;
				ENABLE_TESTABILITY = YES;
				GCC_C_LANGUAGE_STANDARD = gnu11;
				GCC_DYNAMIC_NO_PIC = NO;
				GCC_NO_COMMON_BLOCKS = YES;
				GCC_OPTIMIZATION_LEVEL = 0;
				GCC_PREPROCESSOR_DEFINITIONS = (
					"DEBUG=1",
					"$(inherited)",
				);
				GCC_WARN_64_TO_32_BIT_CONVERSION = YES;
				GCC_WARN_ABOUT_RETURN_TYPE = YES_ERROR;
				GCC_WARN_UNDECLARED_SELECTOR = YES;
				GCC_WARN_UNINITIALIZED_AUTOS = YES_AGGRESSIVE;
				GCC_WARN_UNUSED_FUNCTION = YES;
				GCC_WARN_UNUSED_VARIABLE = YES;
				IPHONEOS_DEPLOYMENT_TARGET = 11.4;
				MTL_ENABLE_DEBUG_INFO = YES;
				ONLY_ACTIVE_ARCH = YES;
				SDKROOT = iphoneos;
				SWIFT_ACTIVE_COMPILATION_CONDITIONS = DEBUG;
				SWIFT_OPTIMIZATION_LEVEL = "-Onone";
			};
			name = Debug;
		};
		659F92C220D3429B00D248A0 /* Release */ = {
			isa = XCBuildConfiguration;
			buildSettings = {
				ALWAYS_SEARCH_USER_PATHS = NO;
				CLANG_ANALYZER_NONNULL = YES;
				CLANG_ANALYZER_NUMBER_OBJECT_CONVERSION = YES_AGGRESSIVE;
				CLANG_CXX_LANGUAGE_STANDARD = "gnu++14";
				CLANG_CXX_LIBRARY = "libc++";
				CLANG_ENABLE_MODULES = YES;
				CLANG_ENABLE_OBJC_ARC = YES;
				CLANG_ENABLE_OBJC_WEAK = YES;
				CLANG_WARN_BLOCK_CAPTURE_AUTORELEASING = YES;
				CLANG_WARN_BOOL_CONVERSION = YES;
				CLANG_WARN_COMMA = YES;
				CLANG_WARN_CONSTANT_CONVERSION = YES;
				CLANG_WARN_DEPRECATED_OBJC_IMPLEMENTATIONS = YES;
				CLANG_WARN_DIRECT_OBJC_ISA_USAGE = YES_ERROR;
				CLANG_WARN_DOCUMENTATION_COMMENTS = YES;
				CLANG_WARN_EMPTY_BODY = YES;
				CLANG_WARN_ENUM_CONVERSION = YES;
				CLANG_WARN_INFINITE_RECURSION = YES;
				CLANG_WARN_INT_CONVERSION = YES;
				CLANG_WARN_NON_LITERAL_NULL_CONVERSION = YES;
				CLANG_WARN_OBJC_IMPLICIT_RETAIN_SELF = YES;
				CLANG_WARN_OBJC_LITERAL_CONVERSION = YES;
				CLANG_WARN_OBJC_ROOT_CLASS = YES_ERROR;
				CLANG_WARN_RANGE_LOOP_ANALYSIS = YES;
				CLANG_WARN_STRICT_PROTOTYPES = YES;
				CLANG_WARN_SUSPICIOUS_MOVE = YES;
				CLANG_WARN_UNGUARDED_AVAILABILITY = YES_AGGRESSIVE;
				CLANG_WARN_UNREACHABLE_CODE = YES;
				CLANG_WARN__DUPLICATE_METHOD_MATCH = YES;
				CODE_SIGN_IDENTITY = "iPhone Developer";
				COPY_PHASE_STRIP = NO;
				DEBUG_INFORMATION_FORMAT = "dwarf-with-dsym";
				ENABLE_NS_ASSERTIONS = NO;
				ENABLE_STRICT_OBJC_MSGSEND = YES;
				GCC_C_LANGUAGE_STANDARD = gnu11;
				GCC_NO_COMMON_BLOCKS = YES;
				GCC_WARN_64_TO_32_BIT_CONVERSION = YES;
				GCC_WARN_ABOUT_RETURN_TYPE = YES_ERROR;
				GCC_WARN_UNDECLARED_SELECTOR = YES;
				GCC_WARN_UNINITIALIZED_AUTOS = YES_AGGRESSIVE;
				GCC_WARN_UNUSED_FUNCTION = YES;
				GCC_WARN_UNUSED_VARIABLE = YES;
				IPHONEOS_DEPLOYMENT_TARGET = 11.4;
				MTL_ENABLE_DEBUG_INFO = NO;
				SDKROOT = iphoneos;
				SWIFT_COMPILATION_MODE = wholemodule;
				SWIFT_OPTIMIZATION_LEVEL = "-O";
				VALIDATE_PRODUCT = YES;
			};
			name = Release;
		};
		659F92C420D3429B00D248A0 /* Debug */ = {
			isa = XCBuildConfiguration;
			baseConfigurationReference = 86BC142A377C0425F6180361 /* Pods-FinalProject.debug.xcconfig */;
			buildSettings = {
				ASSETCATALOG_COMPILER_APPICON_NAME = AppIcon;
				CODE_SIGN_STYLE = Automatic;
				DEVELOPMENT_TEAM = L58492B9SV;
				INFOPLIST_FILE = FinalProject/Info.plist;
				LD_RUNPATH_SEARCH_PATHS = (
					"$(inherited)",
					"@executable_path/Frameworks",
				);
				PRODUCT_BUNDLE_IDENTIFIER = dvega.FinalProject;
				PRODUCT_NAME = "$(TARGET_NAME)";
				SWIFT_VERSION = 4.0;
				TARGETED_DEVICE_FAMILY = 1;
			};
			name = Debug;
		};
		659F92C520D3429B00D248A0 /* Release */ = {
			isa = XCBuildConfiguration;
			baseConfigurationReference = 5ACC425DA25E8657F4E6F7C9 /* Pods-FinalProject.release.xcconfig */;
			buildSettings = {
				ASSETCATALOG_COMPILER_APPICON_NAME = AppIcon;
				CODE_SIGN_STYLE = Automatic;
				DEVELOPMENT_TEAM = L58492B9SV;
				INFOPLIST_FILE = FinalProject/Info.plist;
				LD_RUNPATH_SEARCH_PATHS = (
					"$(inherited)",
					"@executable_path/Frameworks",
				);
				PRODUCT_BUNDLE_IDENTIFIER = dvega.FinalProject;
				PRODUCT_NAME = "$(TARGET_NAME)";
				SWIFT_VERSION = 4.0;
				TARGETED_DEVICE_FAMILY = 1;
			};
			name = Release;
		};
/* End XCBuildConfiguration section */

/* Begin XCConfigurationList section */
		659F92AC20D3429A00D248A0 /* Build configuration list for PBXProject "FinalProject" */ = {
			isa = XCConfigurationList;
			buildConfigurations = (
				659F92C120D3429B00D248A0 /* Debug */,
				659F92C220D3429B00D248A0 /* Release */,
			);
			defaultConfigurationIsVisible = 0;
			defaultConfigurationName = Release;
		};
		659F92C320D3429B00D248A0 /* Build configuration list for PBXNativeTarget "FinalProject" */ = {
			isa = XCConfigurationList;
			buildConfigurations = (
				659F92C420D3429B00D248A0 /* Debug */,
				659F92C520D3429B00D248A0 /* Release */,
			);
			defaultConfigurationIsVisible = 0;
			defaultConfigurationName = Release;
		};
/* End XCConfigurationList section */
	};
	rootObject = 659F92A920D3429A00D248A0 /* Project object */;
}
